// !$*UTF8*$!
{
	archiveVersion = 1;
	classes = {
	};
	objectVersion = 55;
	objects = {

/* Begin PBXBuildFile section */
		5A00C6F02845380E0053C6E0 /* SearchResponse.swift in Sources */ = {isa = PBXBuildFile; fileRef = 5A00C6EF2845380E0053C6E0 /* SearchResponse.swift */; };
		5A00C6F22845624D0053C6E0 /* NetworkService.swift in Sources */ = {isa = PBXBuildFile; fileRef = 5A00C6F12845624D0053C6E0 /* NetworkService.swift */; };
		5A596FD328425B2F001F1BB3 /* AppDelegate.swift in Sources */ = {isa = PBXBuildFile; fileRef = 5A596FD228425B2F001F1BB3 /* AppDelegate.swift */; };
		5A596FD528425B2F001F1BB3 /* SceneDelegate.swift in Sources */ = {isa = PBXBuildFile; fileRef = 5A596FD428425B2F001F1BB3 /* SceneDelegate.swift */; };
		5A596FD728425B2F001F1BB3 /* ViewController.swift in Sources */ = {isa = PBXBuildFile; fileRef = 5A596FD628425B2F001F1BB3 /* ViewController.swift */; };
		5A596FDA28425B2F001F1BB3 /* Main.storyboard in Resources */ = {isa = PBXBuildFile; fileRef = 5A596FD828425B2F001F1BB3 /* Main.storyboard */; };
		5A596FDC28425B33001F1BB3 /* Assets.xcassets in Resources */ = {isa = PBXBuildFile; fileRef = 5A596FDB28425B33001F1BB3 /* Assets.xcassets */; };
		5A596FDF28425B33001F1BB3 /* LaunchScreen.storyboard in Resources */ = {isa = PBXBuildFile; fileRef = 5A596FDD28425B33001F1BB3 /* LaunchScreen.storyboard */; };
		5A596FE728425BF3001F1BB3 /* MainTabBarController.swift in Sources */ = {isa = PBXBuildFile; fileRef = 5A596FE628425BF3001F1BB3 /* MainTabBarController.swift */; };
		5A596FE928425E0D001F1BB3 /* SearchViewController.swift in Sources */ = {isa = PBXBuildFile; fileRef = 5A596FE828425E0D001F1BB3 /* SearchViewController.swift */; };
		737A41F68649D45DBA200A62 /* Pods_MyMusic.framework in Frameworks */ = {isa = PBXBuildFile; fileRef = EA9782B9974AAA7DB049DDB1 /* Pods_MyMusic.framework */; };
/* End PBXBuildFile section */

/* Begin PBXFileReference section */
		5A00C6EF2845380E0053C6E0 /* SearchResponse.swift */ = {isa = PBXFileReference; lastKnownFileType = sourcecode.swift; path = SearchResponse.swift; sourceTree = "<group>"; };
		5A00C6F12845624D0053C6E0 /* NetworkService.swift */ = {isa = PBXFileReference; lastKnownFileType = sourcecode.swift; path = NetworkService.swift; sourceTree = "<group>"; };
		5A596FCF28425B2F001F1BB3 /* MyMusic.app */ = {isa = PBXFileReference; explicitFileType = wrapper.application; includeInIndex = 0; path = MyMusic.app; sourceTree = BUILT_PRODUCTS_DIR; };
		5A596FD228425B2F001F1BB3 /* AppDelegate.swift */ = {isa = PBXFileReference; lastKnownFileType = sourcecode.swift; path = AppDelegate.swift; sourceTree = "<group>"; };
		5A596FD428425B2F001F1BB3 /* SceneDelegate.swift */ = {isa = PBXFileReference; lastKnownFileType = sourcecode.swift; path = SceneDelegate.swift; sourceTree = "<group>"; };
		5A596FD628425B2F001F1BB3 /* ViewController.swift */ = {isa = PBXFileReference; lastKnownFileType = sourcecode.swift; path = ViewController.swift; sourceTree = "<group>"; };
		5A596FD928425B2F001F1BB3 /* Base */ = {isa = PBXFileReference; lastKnownFileType = file.storyboard; name = Base; path = Base.lproj/Main.storyboard; sourceTree = "<group>"; };
		5A596FDB28425B33001F1BB3 /* Assets.xcassets */ = {isa = PBXFileReference; lastKnownFileType = folder.assetcatalog; path = Assets.xcassets; sourceTree = "<group>"; };
		5A596FDE28425B33001F1BB3 /* Base */ = {isa = PBXFileReference; lastKnownFileType = file.storyboard; name = Base; path = Base.lproj/LaunchScreen.storyboard; sourceTree = "<group>"; };
		5A596FE028425B33001F1BB3 /* Info.plist */ = {isa = PBXFileReference; lastKnownFileType = text.plist.xml; path = Info.plist; sourceTree = "<group>"; };
		5A596FE628425BF3001F1BB3 /* MainTabBarController.swift */ = {isa = PBXFileReference; lastKnownFileType = sourcecode.swift; path = MainTabBarController.swift; sourceTree = "<group>"; };
		5A596FE828425E0D001F1BB3 /* SearchViewController.swift */ = {isa = PBXFileReference; lastKnownFileType = sourcecode.swift; path = SearchViewController.swift; sourceTree = "<group>"; };
		B1218EE02F69BB41A441B3AE /* Pods-MyMusic.debug.xcconfig */ = {isa = PBXFileReference; includeInIndex = 1; lastKnownFileType = text.xcconfig; name = "Pods-MyMusic.debug.xcconfig"; path = "Target Support Files/Pods-MyMusic/Pods-MyMusic.debug.xcconfig"; sourceTree = "<group>"; };
		EA9782B9974AAA7DB049DDB1 /* Pods_MyMusic.framework */ = {isa = PBXFileReference; explicitFileType = wrapper.framework; includeInIndex = 0; path = Pods_MyMusic.framework; sourceTree = BUILT_PRODUCTS_DIR; };
		F06BD4CF5F0B72B697BA5EE6 /* Pods-MyMusic.release.xcconfig */ = {isa = PBXFileReference; includeInIndex = 1; lastKnownFileType = text.xcconfig; name = "Pods-MyMusic.release.xcconfig"; path = "Target Support Files/Pods-MyMusic/Pods-MyMusic.release.xcconfig"; sourceTree = "<group>"; };
/* End PBXFileReference section */

/* Begin PBXFrameworksBuildPhase section */
		5A596FCC28425B2F001F1BB3 /* Frameworks */ = {
			isa = PBXFrameworksBuildPhase;
			buildActionMask = 2147483647;
			files = (
				737A41F68649D45DBA200A62 /* Pods_MyMusic.framework in Frameworks */,
			);
			runOnlyForDeploymentPostprocessing = 0;
		};
/* End PBXFrameworksBuildPhase section */

/* Begin PBXGroup section */
		5784CE30C865C445381B3E6D /* Frameworks */ = {
			isa = PBXGroup;
			children = (
				EA9782B9974AAA7DB049DDB1 /* Pods_MyMusic.framework */,
			);
			name = Frameworks;
			sourceTree = "<group>";
		};
		5A596FC628425B2F001F1BB3 = {
			isa = PBXGroup;
			children = (
				5A596FD128425B2F001F1BB3 /* MyMusic */,
				5A596FD028425B2F001F1BB3 /* Products */,
				671D5E81ECF5D87CDD86F9B3 /* Pods */,
				5784CE30C865C445381B3E6D /* Frameworks */,
			);
			sourceTree = "<group>";
		};
		5A596FD028425B2F001F1BB3 /* Products */ = {
			isa = PBXGroup;
			children = (
				5A596FCF28425B2F001F1BB3 /* MyMusic.app */,
			);
			name = Products;
			sourceTree = "<group>";
		};
		5A596FD128425B2F001F1BB3 /* MyMusic */ = {
			isa = PBXGroup;
			children = (
				5A596FD228425B2F001F1BB3 /* AppDelegate.swift */,
				5A596FD428425B2F001F1BB3 /* SceneDelegate.swift */,
				5A596FD628425B2F001F1BB3 /* ViewController.swift */,
				5A596FE628425BF3001F1BB3 /* MainTabBarController.swift */,
				5A596FE828425E0D001F1BB3 /* SearchViewController.swift */,
				5A00C6F12845624D0053C6E0 /* NetworkService.swift */,
				5A00C6EF2845380E0053C6E0 /* SearchResponse.swift */,
				5A596FD828425B2F001F1BB3 /* Main.storyboard */,
				5A596FDB28425B33001F1BB3 /* Assets.xcassets */,
				5A596FDD28425B33001F1BB3 /* LaunchScreen.storyboard */,
				5A596FE028425B33001F1BB3 /* Info.plist */,
			);
			path = MyMusic;
			sourceTree = "<group>";
		};
		671D5E81ECF5D87CDD86F9B3 /* Pods */ = {
			isa = PBXGroup;
			children = (
				B1218EE02F69BB41A441B3AE /* Pods-MyMusic.debug.xcconfig */,
				F06BD4CF5F0B72B697BA5EE6 /* Pods-MyMusic.release.xcconfig */,
			);
			path = Pods;
			sourceTree = "<group>";
		};
/* End PBXGroup section */

/* Begin PBXNativeTarget section */
		5A596FCE28425B2F001F1BB3 /* MyMusic */ = {
			isa = PBXNativeTarget;
			buildConfigurationList = 5A596FE328425B33001F1BB3 /* Build configuration list for PBXNativeTarget "MyMusic" */;
			buildPhases = (
				B12F06029BA88F287DF2AA58 /* [CP] Check Pods Manifest.lock */,
				5A596FCB28425B2F001F1BB3 /* Sources */,
				5A596FCC28425B2F001F1BB3 /* Frameworks */,
				5A596FCD28425B2F001F1BB3 /* Resources */,
				F57079260F6FC2F3C0EFEEA0 /* [CP] Embed Pods Frameworks */,
			);
			buildRules = (
			);
			dependencies = (
			);
			name = MyMusic;
			productName = MyMusic;
			productReference = 5A596FCF28425B2F001F1BB3 /* MyMusic.app */;
			productType = "com.apple.product-type.application";
		};
/* End PBXNativeTarget section */

/* Begin PBXProject section */
		5A596FC728425B2F001F1BB3 /* Project object */ = {
			isa = PBXProject;
			attributes = {
				BuildIndependentTargetsInParallel = 1;
				LastSwiftUpdateCheck = 1330;
				LastUpgradeCheck = 1330;
				TargetAttributes = {
					5A596FCE28425B2F001F1BB3 = {
						CreatedOnToolsVersion = 13.3.1;
					};
				};
			};
			buildConfigurationList = 5A596FCA28425B2F001F1BB3 /* Build configuration list for PBXProject "MyMusic" */;
			compatibilityVersion = "Xcode 13.0";
			developmentRegion = en;
			hasScannedForEncodings = 0;
			knownRegions = (
				en,
				Base,
			);
			mainGroup = 5A596FC628425B2F001F1BB3;
			productRefGroup = 5A596FD028425B2F001F1BB3 /* Products */;
			projectDirPath = "";
			projectRoot = "";
			targets = (
				5A596FCE28425B2F001F1BB3 /* MyMusic */,
			);
		};
/* End PBXProject section */

/* Begin PBXResourcesBuildPhase section */
		5A596FCD28425B2F001F1BB3 /* Resources */ = {
			isa = PBXResourcesBuildPhase;
			buildActionMask = 2147483647;
			files = (
				5A596FDF28425B33001F1BB3 /* LaunchScreen.storyboard in Resources */,
				5A596FDC28425B33001F1BB3 /* Assets.xcassets in Resources */,
				5A596FDA28425B2F001F1BB3 /* Main.storyboard in Resources */,
			);
			runOnlyForDeploymentPostprocessing = 0;
		};
/* End PBXResourcesBuildPhase section */

/* Begin PBXShellScriptBuildPhase section */
		B12F06029BA88F287DF2AA58 /* [CP] Check Pods Manifest.lock */ = {
			isa = PBXShellScriptBuildPhase;
			buildActionMask = 2147483647;
			files = (
			);
			inputFileListPaths = (
			);
			inputPaths = (
				"${PODS_PODFILE_DIR_PATH}/Podfile.lock",
				"${PODS_ROOT}/Manifest.lock",
			);
			name = "[CP] Check Pods Manifest.lock";
			outputFileListPaths = (
			);
			outputPaths = (
				"$(DERIVED_FILE_DIR)/Pods-MyMusic-checkManifestLockResult.txt",
			);
			runOnlyForDeploymentPostprocessing = 0;
			shellPath = /bin/sh;
			shellScript = "diff \"${PODS_PODFILE_DIR_PATH}/Podfile.lock\" \"${PODS_ROOT}/Manifest.lock\" > /dev/null\nif [ $? != 0 ] ; then\n    # print error to STDERR\n    echo \"error: The sandbox is not in sync with the Podfile.lock. Run 'pod install' or update your CocoaPods installation.\" >&2\n    exit 1\nfi\n# This output is used by Xcode 'outputs' to avoid re-running this script phase.\necho \"SUCCESS\" > \"${SCRIPT_OUTPUT_FILE_0}\"\n";
			showEnvVarsInLog = 0;
		};
		F57079260F6FC2F3C0EFEEA0 /* [CP] Embed Pods Frameworks */ = {
			isa = PBXShellScriptBuildPhase;
			buildActionMask = 2147483647;
			files = (
			);
			inputFileListPaths = (
				"${PODS_ROOT}/Target Support Files/Pods-MyMusic/Pods-MyMusic-frameworks-${CONFIGURATION}-input-files.xcfilelist",
			);
			name = "[CP] Embed Pods Frameworks";
			outputFileListPaths = (
				"${PODS_ROOT}/Target Support Files/Pods-MyMusic/Pods-MyMusic-frameworks-${CONFIGURATION}-output-files.xcfilelist",
			);
			runOnlyForDeploymentPostprocessing = 0;
			shellPath = /bin/sh;
			shellScript = "\"${PODS_ROOT}/Target Support Files/Pods-MyMusic/Pods-MyMusic-frameworks.sh\"\n";
			showEnvVarsInLog = 0;
		};
/* End PBXShellScriptBuildPhase section */

/* Begin PBXSourcesBuildPhase section */
		5A596FCB28425B2F001F1BB3 /* Sources */ = {
			isa = PBXSourcesBuildPhase;
			buildActionMask = 2147483647;
			files = (
				5A596FE928425E0D001F1BB3 /* SearchViewController.swift in Sources */,
				5A596FD728425B2F001F1BB3 /* ViewController.swift in Sources */,
				5A00C6F02845380E0053C6E0 /* SearchResponse.swift in Sources */,
				5A596FD328425B2F001F1BB3 /* AppDelegate.swift in Sources */,
				5A596FE728425BF3001F1BB3 /* MainTabBarController.swift in Sources */,
				5A596FD528425B2F001F1BB3 /* SceneDelegate.swift in Sources */,
				5A00C6F22845624D0053C6E0 /* NetworkService.swift in Sources */,
			);
			runOnlyForDeploymentPostprocessing = 0;
		};
/* End PBXSourcesBuildPhase section */

/* Begin PBXVariantGroup section */
		5A596FD828425B2F001F1BB3 /* Main.storyboard */ = {
			isa = PBXVariantGroup;
			children = (
				5A596FD928425B2F001F1BB3 /* Base */,
			);
			name = Main.storyboard;
			sourceTree = "<group>";
		};
		5A596FDD28425B33001F1BB3 /* LaunchScreen.storyboard */ = {
			isa = PBXVariantGroup;
			children = (
				5A596FDE28425B33001F1BB3 /* Base */,
			);
			name = LaunchScreen.storyboard;
			sourceTree = "<group>";
		};
/* End PBXVariantGroup section */

/* Begin XCBuildConfiguration section */
		5A596FE128425B33001F1BB3 /* Debug */ = {
			isa = XCBuildConfiguration;
			buildSettings = {
				ALWAYS_SEARCH_USER_PATHS = NO;
				CLANG_ANALYZER_NONNULL = YES;
				CLANG_ANALYZER_NUMBER_OBJECT_CONVERSION = YES_AGGRESSIVE;
				CLANG_CXX_LANGUAGE_STANDARD = "gnu++17";
				CLANG_ENABLE_MODULES = YES;
				CLANG_ENABLE_OBJC_ARC = YES;
				CLANG_ENABLE_OBJC_WEAK = YES;
				CLANG_WARN_BLOCK_CAPTURE_AUTORELEASING = YES;
				CLANG_WARN_BOOL_CONVERSION = YES;
				CLANG_WARN_COMMA = YES;
				CLANG_WARN_CONSTANT_CONVERSION = YES;
				CLANG_WARN_DEPRECATED_OBJC_IMPLEMENTATIONS = YES;
				CLANG_WARN_DIRECT_OBJC_ISA_USAGE = YES_ERROR;
				CLANG_WARN_DOCUMENTATION_COMMENTS = YES;
				CLANG_WARN_EMPTY_BODY = YES;
				CLANG_WARN_ENUM_CONVERSION = YES;
				CLANG_WARN_INFINITE_RECURSION = YES;
				CLANG_WARN_INT_CONVERSION = YES;
				CLANG_WARN_NON_LITERAL_NULL_CONVERSION = YES;
				CLANG_WARN_OBJC_IMPLICIT_RETAIN_SELF = YES;
				CLANG_WARN_OBJC_LITERAL_CONVERSION = YES;
				CLANG_WARN_OBJC_ROOT_CLASS = YES_ERROR;
				CLANG_WARN_QUOTED_INCLUDE_IN_FRAMEWORK_HEADER = YES;
				CLANG_WARN_RANGE_LOOP_ANALYSIS = YES;
				CLANG_WARN_STRICT_PROTOTYPES = YES;
				CLANG_WARN_SUSPICIOUS_MOVE = YES;
				CLANG_WARN_UNGUARDED_AVAILABILITY = YES_AGGRESSIVE;
				CLANG_WARN_UNREACHABLE_CODE = YES;
				CLANG_WARN__DUPLICATE_METHOD_MATCH = YES;
				COPY_PHASE_STRIP = NO;
				DEBUG_INFORMATION_FORMAT = dwarf;
				ENABLE_STRICT_OBJC_MSGSEND = YES;
				ENABLE_TESTABILITY = YES;
				GCC_C_LANGUAGE_STANDARD = gnu11;
				GCC_DYNAMIC_NO_PIC = NO;
				GCC_NO_COMMON_BLOCKS = YES;
				GCC_OPTIMIZATION_LEVEL = 0;
				GCC_PREPROCESSOR_DEFINITIONS = (
					"DEBUG=1",
					"$(inherited)",
				);
				GCC_WARN_64_TO_32_BIT_CONVERSION = YES;
				GCC_WARN_ABOUT_RETURN_TYPE = YES_ERROR;
				GCC_WARN_UNDECLARED_SELECTOR = YES;
				GCC_WARN_UNINITIALIZED_AUTOS = YES_AGGRESSIVE;
				GCC_WARN_UNUSED_FUNCTION = YES;
				GCC_WARN_UNUSED_VARIABLE = YES;
				IPHONEOS_DEPLOYMENT_TARGET = 15.4;
				MTL_ENABLE_DEBUG_INFO = INCLUDE_SOURCE;
				MTL_FAST_MATH = YES;
				ONLY_ACTIVE_ARCH = YES;
				SDKROOT = iphoneos;
				SWIFT_ACTIVE_COMPILATION_CONDITIONS = DEBUG;
				SWIFT_OPTIMIZATION_LEVEL = "-Onone";
			};
			name = Debug;
		};
		5A596FE228425B33001F1BB3 /* Release */ = {
			isa = XCBuildConfiguration;
			buildSettings = {
				ALWAYS_SEARCH_USER_PATHS = NO;
				CLANG_ANALYZER_NONNULL = YES;
				CLANG_ANALYZER_NUMBER_OBJECT_CONVERSION = YES_AGGRESSIVE;
				CLANG_CXX_LANGUAGE_STANDARD = "gnu++17";
				CLANG_ENABLE_MODULES = YES;
				CLANG_ENABLE_OBJC_ARC = YES;
				CLANG_ENABLE_OBJC_WEAK = YES;
				CLANG_WARN_BLOCK_CAPTURE_AUTORELEASING = YES;
				CLANG_WARN_BOOL_CONVERSION = YES;
				CLANG_WARN_COMMA = YES;
				CLANG_WARN_CONSTANT_CONVERSION = YES;
				CLANG_WARN_DEPRECATED_OBJC_IMPLEMENTATIONS = YES;
				CLANG_WARN_DIRECT_OBJC_ISA_USAGE = YES_ERROR;
				CLANG_WARN_DOCUMENTATION_COMMENTS = YES;
				CLANG_WARN_EMPTY_BODY = YES;
				CLANG_WARN_ENUM_CONVERSION = YES;
				CLANG_WARN_INFINITE_RECURSION = YES;
				CLANG_WARN_INT_CONVERSION = YES;
				CLANG_WARN_NON_LITERAL_NULL_CONVERSION = YES;
				CLANG_WARN_OBJC_IMPLICIT_RETAIN_SELF = YES;
				CLANG_WARN_OBJC_LITERAL_CONVERSION = YES;
				CLANG_WARN_OBJC_ROOT_CLASS = YES_ERROR;
				CLANG_WARN_QUOTED_INCLUDE_IN_FRAMEWORK_HEADER = YES;
				CLANG_WARN_RANGE_LOOP_ANALYSIS = YES;
				CLANG_WARN_STRICT_PROTOTYPES = YES;
				CLANG_WARN_SUSPICIOUS_MOVE = YES;
				CLANG_WARN_UNGUARDED_AVAILABILITY = YES_AGGRESSIVE;
				CLANG_WARN_UNREACHABLE_CODE = YES;
				CLANG_WARN__DUPLICATE_METHOD_MATCH = YES;
				COPY_PHASE_STRIP = NO;
				DEBUG_INFORMATION_FORMAT = "dwarf-with-dsym";
				ENABLE_NS_ASSERTIONS = NO;
				ENABLE_STRICT_OBJC_MSGSEND = YES;
				GCC_C_LANGUAGE_STANDARD = gnu11;
				GCC_NO_COMMON_BLOCKS = YES;
				GCC_WARN_64_TO_32_BIT_CONVERSION = YES;
				GCC_WARN_ABOUT_RETURN_TYPE = YES_ERROR;
				GCC_WARN_UNDECLARED_SELECTOR = YES;
				GCC_WARN_UNINITIALIZED_AUTOS = YES_AGGRESSIVE;
				GCC_WARN_UNUSED_FUNCTION = YES;
				GCC_WARN_UNUSED_VARIABLE = YES;
				IPHONEOS_DEPLOYMENT_TARGET = 15.4;
				MTL_ENABLE_DEBUG_INFO = NO;
				MTL_FAST_MATH = YES;
				SDKROOT = iphoneos;
				SWIFT_COMPILATION_MODE = wholemodule;
				SWIFT_OPTIMIZATION_LEVEL = "-O";
				VALIDATE_PRODUCT = YES;
			};
			name = Release;
		};
		5A596FE428425B33001F1BB3 /* Debug */ = {
			isa = XCBuildConfiguration;
			baseConfigurationReference = B1218EE02F69BB41A441B3AE /* Pods-MyMusic.debug.xcconfig */;
			buildSettings = {
				ASSETCATALOG_COMPILER_APPICON_NAME = AppIcon;
				ASSETCATALOG_COMPILER_GLOBAL_ACCENT_COLOR_NAME = AccentColor;
				CODE_SIGN_STYLE = Automatic;
				CURRENT_PROJECT_VERSION = 1;
				DEVELOPMENT_TEAM = 5H5DH92248;
				GENERATE_INFOPLIST_FILE = YES;
				INFOPLIST_FILE = MyMusic/Info.plist;
				INFOPLIST_KEY_UIApplicationSupportsIndirectInputEvents = YES;
				INFOPLIST_KEY_UILaunchStoryboardName = LaunchScreen;
				INFOPLIST_KEY_UIMainStoryboardFile = Main;
				INFOPLIST_KEY_UISupportedInterfaceOrientations_iPad = "UIInterfaceOrientationPortrait UIInterfaceOrientationPortraitUpsideDown UIInterfaceOrientationLandscapeLeft UIInterfaceOrientationLandscapeRight";
				INFOPLIST_KEY_UISupportedInterfaceOrientations_iPhone = "UIInterfaceOrientationPortrait UIInterfaceOrientationLandscapeLeft UIInterfaceOrientationLandscapeRight";
				LD_RUNPATH_SEARCH_PATHS = (
					"$(inherited)",
					"@executable_path/Frameworks",
				);
				MARKETING_VERSION = 1.0;
				PRODUCT_BUNDLE_IDENTIFIER = com.maxpavlov.MyMusic;
				PRODUCT_NAME = "$(TARGET_NAME)";
				SWIFT_EMIT_LOC_STRINGS = YES;
				SWIFT_VERSION = 5.0;
				TARGETED_DEVICE_FAMILY = "1,2";
			};
			name = Debug;
		};
		5A596FE528425B33001F1BB3 /* Release */ = {
			isa = XCBuildConfiguration;
			baseConfigurationReference = F06BD4CF5F0B72B697BA5EE6 /* Pods-MyMusic.release.xcconfig */;
			buildSettings = {
				ASSETCATALOG_COMPILER_APPICON_NAME = AppIcon;
				ASSETCATALOG_COMPILER_GLOBAL_ACCENT_COLOR_NAME = AccentColor;
				CODE_SIGN_STYLE = Automatic;
				CURRENT_PROJECT_VERSION = 1;
				DEVELOPMENT_TEAM = 5H5DH92248;
				GENERATE_INFOPLIST_FILE = YES;
				INFOPLIST_FILE = MyMusic/Info.plist;
				INFOPLIST_KEY_UIApplicationSupportsIndirectInputEvents = YES;
				INFOPLIST_KEY_UILaunchStoryboardName = LaunchScreen;
				INFOPLIST_KEY_UIMainStoryboardFile = Main;
				INFOPLIST_KEY_UISupportedInterfaceOrientations_iPad = "UIInterfaceOrientationPortrait UIInterfaceOrientationPortraitUpsideDown UIInterfaceOrientationLandscapeLeft UIInterfaceOrientationLandscapeRight";
				INFOPLIST_KEY_UISupportedInterfaceOrientations_iPhone = "UIInterfaceOrientationPortrait UIInterfaceOrientationLandscapeLeft UIInterfaceOrientationLandscapeRight";
				LD_RUNPATH_SEARCH_PATHS = (
					"$(inherited)",
					"@executable_path/Frameworks",
				);
				MARKETING_VERSION = 1.0;
				PRODUCT_BUNDLE_IDENTIFIER = com.maxpavlov.MyMusic;
				PRODUCT_NAME = "$(TARGET_NAME)";
				SWIFT_EMIT_LOC_STRINGS = YES;
				SWIFT_VERSION = 5.0;
				TARGETED_DEVICE_FAMILY = "1,2";
			};
			name = Release;
		};
/* End XCBuildConfiguration section */

/* Begin XCConfigurationList section */
		5A596FCA28425B2F001F1BB3 /* Build configuration list for PBXProject "MyMusic" */ = {
			isa = XCConfigurationList;
			buildConfigurations = (
				5A596FE128425B33001F1BB3 /* Debug */,
				5A596FE228425B33001F1BB3 /* Release */,
			);
			defaultConfigurationIsVisible = 0;
			defaultConfigurationName = Release;
		};
		5A596FE328425B33001F1BB3 /* Build configuration list for PBXNativeTarget "MyMusic" */ = {
			isa = XCConfigurationList;
			buildConfigurations = (
				5A596FE428425B33001F1BB3 /* Debug */,
				5A596FE528425B33001F1BB3 /* Release */,
			);
			defaultConfigurationIsVisible = 0;
			defaultConfigurationName = Release;
		};
/* End XCConfigurationList section */
	};
	rootObject = 5A596FC728425B2F001F1BB3 /* Project object */;
}
